// !$*UTF8*$!
{
	archiveVersion = 1;
	classes = {
	};
	objectVersion = 50;
	objects = {

/* Begin PBXBuildFile section */
		8C3E7D5A22BA307200CE1DBA /* AppDelegate.swift in Sources */ = {isa = PBXBuildFile; fileRef = 8C3E7D5922BA307200CE1DBA /* AppDelegate.swift */; };
		8C3E7D5C22BA307200CE1DBA /* SceneDelegate.swift in Sources */ = {isa = PBXBuildFile; fileRef = 8C3E7D5B22BA307200CE1DBA /* SceneDelegate.swift */; };
		8C3E7D5E22BA307200CE1DBA /* StopwatchView.swift in Sources */ = {isa = PBXBuildFile; fileRef = 8C3E7D5D22BA307200CE1DBA /* StopwatchView.swift */; };
		8C3E7D6022BA307300CE1DBA /* Assets.xcassets in Resources */ = {isa = PBXBuildFile; fileRef = 8C3E7D5F22BA307300CE1DBA /* Assets.xcassets */; };
		8C3E7D6322BA307300CE1DBA /* Preview Assets.xcassets in Resources */ = {isa = PBXBuildFile; fileRef = 8C3E7D6222BA307300CE1DBA /* Preview Assets.xcassets */; };
		8C3E7D6622BA307300CE1DBA /* LaunchScreen.storyboard in Resources */ = {isa = PBXBuildFile; fileRef = 8C3E7D6422BA307300CE1DBA /* LaunchScreen.storyboard */; };
		8CAD122922BA46D600F7487C /* StopwatchControlsView.swift in Sources */ = {isa = PBXBuildFile; fileRef = 8CAD122822BA46D600F7487C /* StopwatchControlsView.swift */; };
		8CAD122C22BA470C00F7487C /* Buttons.swift in Sources */ = {isa = PBXBuildFile; fileRef = 8CAD122B22BA470C00F7487C /* Buttons.swift */; };
		8CAD122E22BA475000F7487C /* Stopwatch.swift in Sources */ = {isa = PBXBuildFile; fileRef = 8CAD122D22BA475000F7487C /* Stopwatch.swift */; };
		8CF141A022BB8A3500982491 /* TimeInterval+Ext.swift in Sources */ = {isa = PBXBuildFile; fileRef = 8CF1419F22BB8A3500982491 /* TimeInterval+Ext.swift */; };
/* End PBXBuildFile section */

/* Begin PBXFileReference section */
		8C3E7D5622BA307200CE1DBA /* SwiftUIStopwatch.app */ = {isa = PBXFileReference; explicitFileType = wrapper.application; includeInIndex = 0; path = SwiftUIStopwatch.app; sourceTree = BUILT_PRODUCTS_DIR; };
		8C3E7D5922BA307200CE1DBA /* AppDelegate.swift */ = {isa = PBXFileReference; lastKnownFileType = sourcecode.swift; path = AppDelegate.swift; sourceTree = "<group>"; };
		8C3E7D5B22BA307200CE1DBA /* SceneDelegate.swift */ = {isa = PBXFileReference; lastKnownFileType = sourcecode.swift; path = SceneDelegate.swift; sourceTree = "<group>"; };
		8C3E7D5D22BA307200CE1DBA /* StopwatchView.swift */ = {isa = PBXFileReference; lastKnownFileType = sourcecode.swift; path = StopwatchView.swift; sourceTree = "<group>"; };
		8C3E7D5F22BA307300CE1DBA /* Assets.xcassets */ = {isa = PBXFileReference; lastKnownFileType = folder.assetcatalog; path = Assets.xcassets; sourceTree = "<group>"; };
		8C3E7D6222BA307300CE1DBA /* Preview Assets.xcassets */ = {isa = PBXFileReference; lastKnownFileType = folder.assetcatalog; path = "Preview Assets.xcassets"; sourceTree = "<group>"; };
		8C3E7D6522BA307300CE1DBA /* Base */ = {isa = PBXFileReference; lastKnownFileType = file.storyboard; name = Base; path = Base.lproj/LaunchScreen.storyboard; sourceTree = "<group>"; };
		8C3E7D6722BA307300CE1DBA /* Info.plist */ = {isa = PBXFileReference; lastKnownFileType = text.plist.xml; path = Info.plist; sourceTree = "<group>"; };
		8CAD122822BA46D600F7487C /* StopwatchControlsView.swift */ = {isa = PBXFileReference; lastKnownFileType = sourcecode.swift; path = StopwatchControlsView.swift; sourceTree = "<group>"; };
		8CAD122B22BA470C00F7487C /* Buttons.swift */ = {isa = PBXFileReference; lastKnownFileType = sourcecode.swift; path = Buttons.swift; sourceTree = "<group>"; };
		8CAD122D22BA475000F7487C /* Stopwatch.swift */ = {isa = PBXFileReference; lastKnownFileType = sourcecode.swift; path = Stopwatch.swift; sourceTree = "<group>"; };
		8CF1419F22BB8A3500982491 /* TimeInterval+Ext.swift */ = {isa = PBXFileReference; lastKnownFileType = sourcecode.swift; path = "TimeInterval+Ext.swift"; sourceTree = "<group>"; };
/* End PBXFileReference section */

/* Begin PBXFrameworksBuildPhase section */
		8C3E7D5322BA307100CE1DBA /* Frameworks */ = {
			isa = PBXFrameworksBuildPhase;
			buildActionMask = 2147483647;
			files = (
			);
			runOnlyForDeploymentPostprocessing = 0;
		};
/* End PBXFrameworksBuildPhase section */

/* Begin PBXGroup section */
		8C3E7D4D22BA307100CE1DBA = {
			isa = PBXGroup;
			children = (
				8C3E7D5822BA307200CE1DBA /* SwiftUIStopwatch */,
				8C3E7D5722BA307200CE1DBA /* Products */,
			);
			sourceTree = "<group>";
		};
		8C3E7D5722BA307200CE1DBA /* Products */ = {
			isa = PBXGroup;
			children = (
				8C3E7D5622BA307200CE1DBA /* SwiftUIStopwatch.app */,
			);
			name = Products;
			sourceTree = "<group>";
		};
		8C3E7D5822BA307200CE1DBA /* SwiftUIStopwatch */ = {
			isa = PBXGroup;
			children = (
				8C3E7D5922BA307200CE1DBA /* AppDelegate.swift */,
				8C3E7D5B22BA307200CE1DBA /* SceneDelegate.swift */,
				8CF1419D22BB8A0E00982491 /* Model */,
				8CAD122522BA46B300F7487C /* Views */,
				8CAD122A22BA46FD00F7487C /* Buttons */,
				8CF141A122BB8A6A00982491 /* Utilities */,
				8CF1419E22BB8A1C00982491 /* Extensions */,
				8C3E7D5F22BA307300CE1DBA /* Assets.xcassets */,
				8C3E7D6422BA307300CE1DBA /* LaunchScreen.storyboard */,
				8C3E7D6722BA307300CE1DBA /* Info.plist */,
				8C3E7D6122BA307300CE1DBA /* Preview Content */,
			);
			path = SwiftUIStopwatch;
			sourceTree = "<group>";
		};
		8C3E7D6122BA307300CE1DBA /* Preview Content */ = {
			isa = PBXGroup;
			children = (
				8C3E7D6222BA307300CE1DBA /* Preview Assets.xcassets */,
			);
			path = "Preview Content";
			sourceTree = "<group>";
		};
		8CAD122522BA46B300F7487C /* Views */ = {
			isa = PBXGroup;
			children = (
				8C3E7D5D22BA307200CE1DBA /* StopwatchView.swift */,
				8CAD122822BA46D600F7487C /* StopwatchControlsView.swift */,
			);
			path = Views;
			sourceTree = "<group>";
		};
		8CAD122A22BA46FD00F7487C /* Buttons */ = {
			isa = PBXGroup;
			children = (
				8CAD122B22BA470C00F7487C /* Buttons.swift */,
			);
			path = Buttons;
			sourceTree = "<group>";
		};
		8CF1419D22BB8A0E00982491 /* Model */ = {
			isa = PBXGroup;
			children = (
				8CAD122D22BA475000F7487C /* Stopwatch.swift */,
			);
			path = Model;
			sourceTree = "<group>";
		};
		8CF1419E22BB8A1C00982491 /* Extensions */ = {
			isa = PBXGroup;
			children = (
				8CF1419F22BB8A3500982491 /* TimeInterval+Ext.swift */,
			);
			path = Extensions;
			sourceTree = "<group>";
		};
		8CF141A122BB8A6A00982491 /* Utilities */ = {
			isa = PBXGroup;
			children = (
			);
			path = Utilities;
			sourceTree = "<group>";
		};
/* End PBXGroup section */

/* Begin PBXNativeTarget section */
		8C3E7D5522BA307100CE1DBA /* SwiftUIStopwatch */ = {
			isa = PBXNativeTarget;
			buildConfigurationList = 8C3E7D6A22BA307300CE1DBA /* Build configuration list for PBXNativeTarget "SwiftUIStopwatch" */;
			buildPhases = (
				8C3E7D5222BA307100CE1DBA /* Sources */,
				8C3E7D5322BA307100CE1DBA /* Frameworks */,
				8C3E7D5422BA307100CE1DBA /* Resources */,
			);
			buildRules = (
			);
			dependencies = (
			);
			name = SwiftUIStopwatch;
			productName = SwiftUIStopwatch;
			productReference = 8C3E7D5622BA307200CE1DBA /* SwiftUIStopwatch.app */;
			productType = "com.apple.product-type.application";
		};
/* End PBXNativeTarget section */

/* Begin PBXProject section */
		8C3E7D4E22BA307100CE1DBA /* Project object */ = {
			isa = PBXProject;
			attributes = {
				LastSwiftUpdateCheck = 1100;
				LastUpgradeCheck = 1100;
				ORGANIZATIONNAME = "Neil Smith";
				TargetAttributes = {
					8C3E7D5522BA307100CE1DBA = {
						CreatedOnToolsVersion = 11.0;
					};
				};
			};
			buildConfigurationList = 8C3E7D5122BA307100CE1DBA /* Build configuration list for PBXProject "SwiftUIStopwatch" */;
			compatibilityVersion = "Xcode 9.3";
			developmentRegion = en;
			hasScannedForEncodings = 0;
			knownRegions = (
				en,
				Base,
			);
			mainGroup = 8C3E7D4D22BA307100CE1DBA;
			productRefGroup = 8C3E7D5722BA307200CE1DBA /* Products */;
			projectDirPath = "";
			projectRoot = "";
			targets = (
				8C3E7D5522BA307100CE1DBA /* SwiftUIStopwatch */,
			);
		};
/* End PBXProject section */

/* Begin PBXResourcesBuildPhase section */
		8C3E7D5422BA307100CE1DBA /* Resources */ = {
			isa = PBXResourcesBuildPhase;
			buildActionMask = 2147483647;
			files = (
				8C3E7D6622BA307300CE1DBA /* LaunchScreen.storyboard in Resources */,
				8C3E7D6322BA307300CE1DBA /* Preview Assets.xcassets in Resources */,
				8C3E7D6022BA307300CE1DBA /* Assets.xcassets in Resources */,
			);
			runOnlyForDeploymentPostprocessing = 0;
		};
/* End PBXResourcesBuildPhase section */

/* Begin PBXSourcesBuildPhase section */
		8C3E7D5222BA307100CE1DBA /* Sources */ = {
			isa = PBXSourcesBuildPhase;
			buildActionMask = 2147483647;
			files = (
				8CAD122C22BA470C00F7487C /* Buttons.swift in Sources */,
				8CAD122E22BA475000F7487C /* Stopwatch.swift in Sources */,
				8C3E7D5A22BA307200CE1DBA /* AppDelegate.swift in Sources */,
				8C3E7D5C22BA307200CE1DBA /* SceneDelegate.swift in Sources */,
				8CF141A022BB8A3500982491 /* TimeInterval+Ext.swift in Sources */,
				8CAD122922BA46D600F7487C /* StopwatchControlsView.swift in Sources */,
				8C3E7D5E22BA307200CE1DBA /* StopwatchView.swift in Sources */,
			);
			runOnlyForDeploymentPostprocessing = 0;
		};
/* End PBXSourcesBuildPhase section */

/* Begin PBXVariantGroup section */
		8C3E7D6422BA307300CE1DBA /* LaunchScreen.storyboard */ = {
			isa = PBXVariantGroup;
			children = (
				8C3E7D6522BA307300CE1DBA /* Base */,
			);
			name = LaunchScreen.storyboard;
			sourceTree = "<group>";
		};
/* End PBXVariantGroup section */

/* Begin XCBuildConfiguration section */
		8C3E7D6822BA307300CE1DBA /* Debug */ = {
			isa = XCBuildConfiguration;
			buildSettings = {
				ALWAYS_SEARCH_USER_PATHS = NO;
				CLANG_ANALYZER_NONNULL = YES;
				CLANG_ANALYZER_NUMBER_OBJECT_CONVERSION = YES_AGGRESSIVE;
				CLANG_CXX_LANGUAGE_STANDARD = "gnu++14";
				CLANG_CXX_LIBRARY = "libc++";
				CLANG_ENABLE_MODULES = YES;
				CLANG_ENABLE_OBJC_ARC = YES;
				CLANG_ENABLE_OBJC_WEAK = YES;
				CLANG_WARN_BLOCK_CAPTURE_AUTORELEASING = YES;
				CLANG_WARN_BOOL_CONVERSION = YES;
				CLANG_WARN_COMMA = YES;
				CLANG_WARN_CONSTANT_CONVERSION = YES;
				CLANG_WARN_DEPRECATED_OBJC_IMPLEMENTATIONS = YES;
				CLANG_WARN_DIRECT_OBJC_ISA_USAGE = YES_ERROR;
				CLANG_WARN_DOCUMENTATION_COMMENTS = YES;
				CLANG_WARN_EMPTY_BODY = YES;
				CLANG_WARN_ENUM_CONVERSION = YES;
				CLANG_WARN_INFINITE_RECURSION = YES;
				CLANG_WARN_INT_CONVERSION = YES;
				CLANG_WARN_NON_LITERAL_NULL_CONVERSION = YES;
				CLANG_WARN_OBJC_IMPLICIT_RETAIN_SELF = YES;
				CLANG_WARN_OBJC_LITERAL_CONVERSION = YES;
				CLANG_WARN_OBJC_ROOT_CLASS = YES_ERROR;
				CLANG_WARN_RANGE_LOOP_ANALYSIS = YES;
				CLANG_WARN_STRICT_PROTOTYPES = YES;
				CLANG_WARN_SUSPICIOUS_MOVE = YES;
				CLANG_WARN_UNGUARDED_AVAILABILITY = YES_AGGRESSIVE;
				CLANG_WARN_UNREACHABLE_CODE = YES;
				CLANG_WARN__DUPLICATE_METHOD_MATCH = YES;
				COPY_PHASE_STRIP = NO;
				DEBUG_INFORMATION_FORMAT = dwarf;
				ENABLE_STRICT_OBJC_MSGSEND = YES;
				ENABLE_TESTABILITY = YES;
				GCC_C_LANGUAGE_STANDARD = gnu11;
				GCC_DYNAMIC_NO_PIC = NO;
				GCC_NO_COMMON_BLOCKS = YES;
				GCC_OPTIMIZATION_LEVEL = 0;
				GCC_PREPROCESSOR_DEFINITIONS = (
					"DEBUG=1",
					"$(inherited)",
				);
				GCC_WARN_64_TO_32_BIT_CONVERSION = YES;
				GCC_WARN_ABOUT_RETURN_TYPE = YES_ERROR;
				GCC_WARN_UNDECLARED_SELECTOR = YES;
				GCC_WARN_UNINITIALIZED_AUTOS = YES_AGGRESSIVE;
				GCC_WARN_UNUSED_FUNCTION = YES;
				GCC_WARN_UNUSED_VARIABLE = YES;
				IPHONEOS_DEPLOYMENT_TARGET = 13.0;
				MTL_ENABLE_DEBUG_INFO = INCLUDE_SOURCE;
				MTL_FAST_MATH = YES;
				ONLY_ACTIVE_ARCH = YES;
				SDKROOT = iphoneos;
				SWIFT_ACTIVE_COMPILATION_CONDITIONS = DEBUG;
				SWIFT_OPTIMIZATION_LEVEL = "-Onone";
			};
			name = Debug;
		};
		8C3E7D6922BA307300CE1DBA /* Release */ = {
			isa = XCBuildConfiguration;
			buildSettings = {
				ALWAYS_SEARCH_USER_PATHS = NO;
				CLANG_ANALYZER_NONNULL = YES;
				CLANG_ANALYZER_NUMBER_OBJECT_CONVERSION = YES_AGGRESSIVE;
				CLANG_CXX_LANGUAGE_STANDARD = "gnu++14";
				CLANG_CXX_LIBRARY = "libc++";
				CLANG_ENABLE_MODULES = YES;
				CLANG_ENABLE_OBJC_ARC = YES;
				CLANG_ENABLE_OBJC_WEAK = YES;
				CLANG_WARN_BLOCK_CAPTURE_AUTORELEASING = YES;
				CLANG_WARN_BOOL_CONVERSION = YES;
				CLANG_WARN_COMMA = YES;
				CLANG_WARN_CONSTANT_CONVERSION = YES;
				CLANG_WARN_DEPRECATED_OBJC_IMPLEMENTATIONS = YES;
				CLANG_WARN_DIRECT_OBJC_ISA_USAGE = YES_ERROR;
				CLANG_WARN_DOCUMENTATION_COMMENTS = YES;
				CLANG_WARN_EMPTY_BODY = YES;
				CLANG_WARN_ENUM_CONVERSION = YES;
				CLANG_WARN_INFINITE_RECURSION = YES;
				CLANG_WARN_INT_CONVERSION = YES;
				CLANG_WARN_NON_LITERAL_NULL_CONVERSION = YES;
				CLANG_WARN_OBJC_IMPLICIT_RETAIN_SELF = YES;
				CLANG_WARN_OBJC_LITERAL_CONVERSION = YES;
				CLANG_WARN_OBJC_ROOT_CLASS = YES_ERROR;
				CLANG_WARN_RANGE_LOOP_ANALYSIS = YES;
				CLANG_WARN_STRICT_PROTOTYPES = YES;
				CLANG_WARN_SUSPICIOUS_MOVE = YES;
				CLANG_WARN_UNGUARDED_AVAILABILITY = YES_AGGRESSIVE;
				CLANG_WARN_UNREACHABLE_CODE = YES;
				CLANG_WARN__DUPLICATE_METHOD_MATCH = YES;
				COPY_PHASE_STRIP = NO;
				DEBUG_INFORMATION_FORMAT = "dwarf-with-dsym";
				ENABLE_NS_ASSERTIONS = NO;
				ENABLE_STRICT_OBJC_MSGSEND = YES;
				GCC_C_LANGUAGE_STANDARD = gnu11;
				GCC_NO_COMMON_BLOCKS = YES;
				GCC_WARN_64_TO_32_BIT_CONVERSION = YES;
				GCC_WARN_ABOUT_RETURN_TYPE = YES_ERROR;
				GCC_WARN_UNDECLARED_SELECTOR = YES;
				GCC_WARN_UNINITIALIZED_AUTOS = YES_AGGRESSIVE;
				GCC_WARN_UNUSED_FUNCTION = YES;
				GCC_WARN_UNUSED_VARIABLE = YES;
				IPHONEOS_DEPLOYMENT_TARGET = 13.0;
				MTL_ENABLE_DEBUG_INFO = NO;
				MTL_FAST_MATH = YES;
				SDKROOT = iphoneos;
				SWIFT_COMPILATION_MODE = wholemodule;
				SWIFT_OPTIMIZATION_LEVEL = "-O";
				VALIDATE_PRODUCT = YES;
			};
			name = Release;
		};
		8C3E7D6B22BA307300CE1DBA /* Debug */ = {
			isa = XCBuildConfiguration;
			buildSettings = {
				ASSETCATALOG_COMPILER_APPICON_NAME = AppIcon;
				CODE_SIGN_STYLE = Automatic;
				DEVELOPMENT_ASSET_PATHS = "SwiftUIStopwatch/Preview\\ Content";
				ENABLE_PREVIEWS = YES;
				INFOPLIST_FILE = SwiftUIStopwatch/Info.plist;
				LD_RUNPATH_SEARCH_PATHS = (
					"$(inherited)",
					"@executable_path/Frameworks",
				);
				PRODUCT_BUNDLE_IDENTIFIER = com.NeilSmithDesignLTD.SwiftUIStopwatch;
				PRODUCT_NAME = "$(TARGET_NAME)";
				SWIFT_VERSION = 5.0;
				TARGETED_DEVICE_FAMILY = "1,2";
			};
			name = Debug;
		};
		8C3E7D6C22BA307300CE1DBA /* Release */ = {
			isa = XCBuildConfiguration;
			buildSettings = {
				ASSETCATALOG_COMPILER_APPICON_NAME = AppIcon;
				CODE_SIGN_STYLE = Automatic;
				DEVELOPMENT_ASSET_PATHS = "SwiftUIStopwatch/Preview\\ Content";
				ENABLE_PREVIEWS = YES;
				INFOPLIST_FILE = SwiftUIStopwatch/Info.plist;
				LD_RUNPATH_SEARCH_PATHS = (
					"$(inherited)",
					"@executable_path/Frameworks",
				);
				PRODUCT_BUNDLE_IDENTIFIER = com.NeilSmithDesignLTD.SwiftUIStopwatch;
				PRODUCT_NAME = "$(TARGET_NAME)";
				SWIFT_VERSION = 5.0;
				TARGETED_DEVICE_FAMILY = "1,2";
			};
			name = Release;
		};
/* End XCBuildConfiguration section */

/* Begin XCConfigurationList section */
		8C3E7D5122BA307100CE1DBA /* Build configuration list for PBXProject "SwiftUIStopwatch" */ = {
			isa = XCConfigurationList;
			buildConfigurations = (
				8C3E7D6822BA307300CE1DBA /* Debug */,
				8C3E7D6922BA307300CE1DBA /* Release */,
			);
			defaultConfigurationIsVisible = 0;
			defaultConfigurationName = Release;
		};
		8C3E7D6A22BA307300CE1DBA /* Build configuration list for PBXNativeTarget "SwiftUIStopwatch" */ = {
			isa = XCConfigurationList;
			buildConfigurations = (
				8C3E7D6B22BA307300CE1DBA /* Debug */,
				8C3E7D6C22BA307300CE1DBA /* Release */,
			);
			defaultConfigurationIsVisible = 0;
			defaultConfigurationName = Release;
		};
/* End XCConfigurationList section */
	};
	rootObject = 8C3E7D4E22BA307100CE1DBA /* Project object */;
}
